
Microsoft Visual Studio Solution File, Format Version 12.00
# Visual Studio Version 17
VisualStudioVersion = 17.2.32505.173
MinimumVisualStudioVersion = 10.0.40219.1
Project("{FAE04EC0-301F-11D3-BF4B-00C04F79EFBC}") = "EF_PostgreSQL", "EF_PostgreSQL.csproj", "{30F48508-FDCC-4474-AC07-8FF0F7884242}"
EndProject
Global
	GlobalSection(SolutionConfigurationPlatforms) = preSolution
		Debug|Any CPU = Debug|Any CPU
		Release|Any CPU = Release|Any CPU
	EndGlobalSection
	GlobalSection(ProjectConfigurationPlatforms) = postSolution
		{30F48508-FDCC-4474-AC07-8FF0F7884242}.Debug|Any CPU.ActiveCfg = Debug|Any CPU
		{30F48508-FDCC-4474-AC07-8FF0F7884242}.Debug|Any CPU.Build.0 = Debug|Any CPU
		{30F48508-FDCC-4474-AC07-8FF0F7884242}.Release|Any CPU.ActiveCfg = Release|Any CPU
		{30F48508-FDCC-4474-AC07-8FF0F7884242}.Release|Any CPU.Build.0 = Release|Any CPU
	EndGlobalSection
	GlobalSection(SolutionProperties) = preSolution
		HideSolutionNode = FALSE
	EndGlobalSection
	GlobalSection(ExtensibilityGlobals) = postSolution
		SolutionGuid = {D1B764DC-36A9-4E63-B432-F7806D459485}
	EndGlobalSection
EndGlobal
